// !$*UTF8*$!
{
	archiveVersion = 1;
	classes = {
	};
	objectVersion = 46;
	objects = {

/* Begin PBXBuildFile section */
		496AF7971C97F9F9002A2773 /* LSNavigationController.m in Sources */ = {isa = PBXBuildFile; fileRef = 496AF7951C97F9F9002A2773 /* LSNavigationController.m */; };
		496AF7A21C97FA81002A2773 /* FourViewController.m in Sources */ = {isa = PBXBuildFile; fileRef = 496AF7991C97FA81002A2773 /* FourViewController.m */; };
		496AF7A31C97FA81002A2773 /* OneViewController.m in Sources */ = {isa = PBXBuildFile; fileRef = 496AF79B1C97FA81002A2773 /* OneViewController.m */; };
		496AF7A41C97FA81002A2773 /* ThreeViewController.m in Sources */ = {isa = PBXBuildFile; fileRef = 496AF79D1C97FA81002A2773 /* ThreeViewController.m */; };
		496AF7A51C97FA81002A2773 /* TwoViewController.m in Sources */ = {isa = PBXBuildFile; fileRef = 496AF79F1C97FA81002A2773 /* TwoViewController.m */; };
		496AF7A61C97FA81002A2773 /* UIColor+Extension.m in Sources */ = {isa = PBXBuildFile; fileRef = 496AF7A11C97FA81002A2773 /* UIColor+Extension.m */; };
		496AF7A81C97FA9F002A2773 /* Main.storyboard in Resources */ = {isa = PBXBuildFile; fileRef = 496AF7A71C97FA9F002A2773 /* Main.storyboard */; };
		498012E71C4A0493005AAB4E /* main.m in Sources */ = {isa = PBXBuildFile; fileRef = 498012E61C4A0493005AAB4E /* main.m */; };
		498012EA1C4A0493005AAB4E /* AppDelegate.m in Sources */ = {isa = PBXBuildFile; fileRef = 498012E91C4A0493005AAB4E /* AppDelegate.m */; };
		498012F21C4A0493005AAB4E /* Assets.xcassets in Resources */ = {isa = PBXBuildFile; fileRef = 498012F11C4A0493005AAB4E /* Assets.xcassets */; };
		498012F51C4A0493005AAB4E /* LaunchScreen.storyboard in Resources */ = {isa = PBXBuildFile; fileRef = 498012F31C4A0493005AAB4E /* LaunchScreen.storyboard */; };
		498013001C4A0493005AAB4E /* LSNavigationBarTransitionTests.m in Sources */ = {isa = PBXBuildFile; fileRef = 498012FF1C4A0493005AAB4E /* LSNavigationBarTransitionTests.m */; };
		4980130B1C4A0493005AAB4E /* LSNavigationBarTransitionUITests.m in Sources */ = {isa = PBXBuildFile; fileRef = 4980130A1C4A0493005AAB4E /* LSNavigationBarTransitionUITests.m */; };
		4991EB871CA17EFA006AFFFD /* LSContentNavigationController.m in Sources */ = {isa = PBXBuildFile; fileRef = 4991EB861CA17EFA006AFFFD /* LSContentNavigationController.m */; };
		4991EB8A1CA17F25006AFFFD /* LSContentViewController.m in Sources */ = {isa = PBXBuildFile; fileRef = 4991EB891CA17F25006AFFFD /* LSContentViewController.m */; };
		4991EB9B1CA1A668006AFFFD /* backImage@2x.png in Resources */ = {isa = PBXBuildFile; fileRef = 4991EB991CA1A668006AFFFD /* backImage@2x.png */; };
		4991EB9C1CA1A668006AFFFD /* backImage@3x.png in Resources */ = {isa = PBXBuildFile; fileRef = 4991EB9A1CA1A668006AFFFD /* backImage@3x.png */; };
/* End PBXBuildFile section */

/* Begin PBXContainerItemProxy section */
		498012FC1C4A0493005AAB4E /* PBXContainerItemProxy */ = {
			isa = PBXContainerItemProxy;
			containerPortal = 498012DA1C4A0493005AAB4E /* Project object */;
			proxyType = 1;
			remoteGlobalIDString = 498012E11C4A0493005AAB4E;
			remoteInfo = LSNavigationBarTransition;
		};
		498013071C4A0493005AAB4E /* PBXContainerItemProxy */ = {
			isa = PBXContainerItemProxy;
			containerPortal = 498012DA1C4A0493005AAB4E /* Project object */;
			proxyType = 1;
			remoteGlobalIDString = 498012E11C4A0493005AAB4E;
			remoteInfo = LSNavigationBarTransition;
		};
/* End PBXContainerItemProxy section */

/* Begin PBXFileReference section */
		496AF7941C97F9F9002A2773 /* LSNavigationController.h */ = {isa = PBXFileReference; fileEncoding = 4; lastKnownFileType = sourcecode.c.h; path = LSNavigationController.h; sourceTree = "<group>"; };
		496AF7951C97F9F9002A2773 /* LSNavigationController.m */ = {isa = PBXFileReference; fileEncoding = 4; lastKnownFileType = sourcecode.c.objc; path = LSNavigationController.m; sourceTree = "<group>"; };
		496AF7981C97FA81002A2773 /* FourViewController.h */ = {isa = PBXFileReference; fileEncoding = 4; lastKnownFileType = sourcecode.c.h; path = FourViewController.h; sourceTree = "<group>"; };
		496AF7991C97FA81002A2773 /* FourViewController.m */ = {isa = PBXFileReference; fileEncoding = 4; lastKnownFileType = sourcecode.c.objc; path = FourViewController.m; sourceTree = "<group>"; };
		496AF79A1C97FA81002A2773 /* OneViewController.h */ = {isa = PBXFileReference; fileEncoding = 4; lastKnownFileType = sourcecode.c.h; path = OneViewController.h; sourceTree = "<group>"; };
		496AF79B1C97FA81002A2773 /* OneViewController.m */ = {isa = PBXFileReference; fileEncoding = 4; lastKnownFileType = sourcecode.c.objc; path = OneViewController.m; sourceTree = "<group>"; };
		496AF79C1C97FA81002A2773 /* ThreeViewController.h */ = {isa = PBXFileReference; fileEncoding = 4; lastKnownFileType = sourcecode.c.h; path = ThreeViewController.h; sourceTree = "<group>"; };
		496AF79D1C97FA81002A2773 /* ThreeViewController.m */ = {isa = PBXFileReference; fileEncoding = 4; lastKnownFileType = sourcecode.c.objc; path = ThreeViewController.m; sourceTree = "<group>"; };
		496AF79E1C97FA81002A2773 /* TwoViewController.h */ = {isa = PBXFileReference; fileEncoding = 4; lastKnownFileType = sourcecode.c.h; path = TwoViewController.h; sourceTree = "<group>"; };
		496AF79F1C97FA81002A2773 /* TwoViewController.m */ = {isa = PBXFileReference; fileEncoding = 4; lastKnownFileType = sourcecode.c.objc; path = TwoViewController.m; sourceTree = "<group>"; };
		496AF7A01C97FA81002A2773 /* UIColor+Extension.h */ = {isa = PBXFileReference; fileEncoding = 4; lastKnownFileType = sourcecode.c.h; path = "UIColor+Extension.h"; sourceTree = "<group>"; };
		496AF7A11C97FA81002A2773 /* UIColor+Extension.m */ = {isa = PBXFileReference; fileEncoding = 4; lastKnownFileType = sourcecode.c.objc; path = "UIColor+Extension.m"; sourceTree = "<group>"; };
		496AF7A71C97FA9F002A2773 /* Main.storyboard */ = {isa = PBXFileReference; fileEncoding = 4; lastKnownFileType = file.storyboard; path = Main.storyboard; sourceTree = "<group>"; };
		498012E21C4A0493005AAB4E /* LSNavigationBarTransition.app */ = {isa = PBXFileReference; explicitFileType = wrapper.application; includeInIndex = 0; path = LSNavigationBarTransition.app; sourceTree = BUILT_PRODUCTS_DIR; };
		498012E61C4A0493005AAB4E /* main.m */ = {isa = PBXFileReference; lastKnownFileType = sourcecode.c.objc; path = main.m; sourceTree = "<group>"; };
		498012E81C4A0493005AAB4E /* AppDelegate.h */ = {isa = PBXFileReference; lastKnownFileType = sourcecode.c.h; path = AppDelegate.h; sourceTree = "<group>"; };
		498012E91C4A0493005AAB4E /* AppDelegate.m */ = {isa = PBXFileReference; lastKnownFileType = sourcecode.c.objc; path = AppDelegate.m; sourceTree = "<group>"; };
		498012F11C4A0493005AAB4E /* Assets.xcassets */ = {isa = PBXFileReference; lastKnownFileType = folder.assetcatalog; path = Assets.xcassets; sourceTree = "<group>"; };
		498012F41C4A0493005AAB4E /* Base */ = {isa = PBXFileReference; lastKnownFileType = file.storyboard; name = Base; path = Base.lproj/LaunchScreen.storyboard; sourceTree = "<group>"; };
		498012F61C4A0493005AAB4E /* Info.plist */ = {isa = PBXFileReference; lastKnownFileType = text.plist.xml; path = Info.plist; sourceTree = "<group>"; };
		498012FB1C4A0493005AAB4E /* LSNavigationBarTransitionTests.xctest */ = {isa = PBXFileReference; explicitFileType = wrapper.cfbundle; includeInIndex = 0; path = LSNavigationBarTransitionTests.xctest; sourceTree = BUILT_PRODUCTS_DIR; };
		498012FF1C4A0493005AAB4E /* LSNavigationBarTransitionTests.m */ = {isa = PBXFileReference; lastKnownFileType = sourcecode.c.objc; path = LSNavigationBarTransitionTests.m; sourceTree = "<group>"; };
		498013011C4A0493005AAB4E /* Info.plist */ = {isa = PBXFileReference; lastKnownFileType = text.plist.xml; path = Info.plist; sourceTree = "<group>"; };
		498013061C4A0493005AAB4E /* LSNavigationBarTransitionUITests.xctest */ = {isa = PBXFileReference; explicitFileType = wrapper.cfbundle; includeInIndex = 0; path = LSNavigationBarTransitionUITests.xctest; sourceTree = BUILT_PRODUCTS_DIR; };
		4980130A1C4A0493005AAB4E /* LSNavigationBarTransitionUITests.m */ = {isa = PBXFileReference; lastKnownFileType = sourcecode.c.objc; path = LSNavigationBarTransitionUITests.m; sourceTree = "<group>"; };
		4980130C1C4A0493005AAB4E /* Info.plist */ = {isa = PBXFileReference; lastKnownFileType = text.plist.xml; path = Info.plist; sourceTree = "<group>"; };
		4991EB851CA17EFA006AFFFD /* LSContentNavigationController.h */ = {isa = PBXFileReference; fileEncoding = 4; lastKnownFileType = sourcecode.c.h; path = LSContentNavigationController.h; sourceTree = "<group>"; };
		4991EB861CA17EFA006AFFFD /* LSContentNavigationController.m */ = {isa = PBXFileReference; fileEncoding = 4; lastKnownFileType = sourcecode.c.objc; path = LSContentNavigationController.m; sourceTree = "<group>"; };
		4991EB881CA17F25006AFFFD /* LSContentViewController.h */ = {isa = PBXFileReference; fileEncoding = 4; lastKnownFileType = sourcecode.c.h; path = LSContentViewController.h; sourceTree = "<group>"; };
		4991EB891CA17F25006AFFFD /* LSContentViewController.m */ = {isa = PBXFileReference; fileEncoding = 4; lastKnownFileType = sourcecode.c.objc; path = LSContentViewController.m; sourceTree = "<group>"; };
		4991EB991CA1A668006AFFFD /* backImage@2x.png */ = {isa = PBXFileReference; lastKnownFileType = image.png; path = "backImage@2x.png"; sourceTree = "<group>"; };
		4991EB9A1CA1A668006AFFFD /* backImage@3x.png */ = {isa = PBXFileReference; lastKnownFileType = image.png; path = "backImage@3x.png"; sourceTree = "<group>"; };
/* End PBXFileReference section */

/* Begin PBXFrameworksBuildPhase section */
		498012DF1C4A0493005AAB4E /* Frameworks */ = {
			isa = PBXFrameworksBuildPhase;
			buildActionMask = 2147483647;
			files = (
			);
			runOnlyForDeploymentPostprocessing = 0;
		};
		498012F81C4A0493005AAB4E /* Frameworks */ = {
			isa = PBXFrameworksBuildPhase;
			buildActionMask = 2147483647;
			files = (
			);
			runOnlyForDeploymentPostprocessing = 0;
		};
		498013031C4A0493005AAB4E /* Frameworks */ = {
			isa = PBXFrameworksBuildPhase;
			buildActionMask = 2147483647;
			files = (
			);
			runOnlyForDeploymentPostprocessing = 0;
		};
/* End PBXFrameworksBuildPhase section */

/* Begin PBXGroup section */
		491DF2B51C4A99A10094B636 /* Example */ = {
			isa = PBXGroup;
			children = (
				496AF79A1C97FA81002A2773 /* OneViewController.h */,
				496AF79B1C97FA81002A2773 /* OneViewController.m */,
				496AF79E1C97FA81002A2773 /* TwoViewController.h */,
				496AF79F1C97FA81002A2773 /* TwoViewController.m */,
				496AF79C1C97FA81002A2773 /* ThreeViewController.h */,
				496AF79D1C97FA81002A2773 /* ThreeViewController.m */,
				496AF7981C97FA81002A2773 /* FourViewController.h */,
				496AF7991C97FA81002A2773 /* FourViewController.m */,
				496AF7A01C97FA81002A2773 /* UIColor+Extension.h */,
				496AF7A11C97FA81002A2773 /* UIColor+Extension.m */,
			);
			path = Example;
			sourceTree = "<group>";
		};
		491DF2C21C4A99C30094B636 /* LSNavigationBarTransition */ = {
			isa = PBXGroup;
			children = (
				4991EB991CA1A668006AFFFD /* backImage@2x.png */,
				4991EB9A1CA1A668006AFFFD /* backImage@3x.png */,
				496AF7941C97F9F9002A2773 /* LSNavigationController.h */,
				496AF7951C97F9F9002A2773 /* LSNavigationController.m */,
				4991EB851CA17EFA006AFFFD /* LSContentNavigationController.h */,
				4991EB861CA17EFA006AFFFD /* LSContentNavigationController.m */,
				4991EB881CA17F25006AFFFD /* LSContentViewController.h */,
				4991EB891CA17F25006AFFFD /* LSContentViewController.m */,
			);
			path = LSNavigationBarTransition;
			sourceTree = "<group>";
		};
		498012D91C4A0493005AAB4E = {
			isa = PBXGroup;
			children = (
				498012E41C4A0493005AAB4E /* LSNavigationBarTransition */,
				498012FE1C4A0493005AAB4E /* LSNavigationBarTransitionTests */,
				498013091C4A0493005AAB4E /* LSNavigationBarTransitionUITests */,
				498012E31C4A0493005AAB4E /* Products */,
			);
			sourceTree = "<group>";
		};
		498012E31C4A0493005AAB4E /* Products */ = {
			isa = PBXGroup;
			children = (
				498012E21C4A0493005AAB4E /* LSNavigationBarTransition.app */,
				498012FB1C4A0493005AAB4E /* LSNavigationBarTransitionTests.xctest */,
				498013061C4A0493005AAB4E /* LSNavigationBarTransitionUITests.xctest */,
			);
			name = Products;
			sourceTree = "<group>";
		};
		498012E41C4A0493005AAB4E /* LSNavigationBarTransition */ = {
			isa = PBXGroup;
			children = (
				491DF2C21C4A99C30094B636 /* LSNavigationBarTransition */,
				491DF2B51C4A99A10094B636 /* Example */,
				498012E51C4A0493005AAB4E /* Supporting Files */,
			);
			path = LSNavigationBarTransition;
			sourceTree = "<group>";
		};
		498012E51C4A0493005AAB4E /* Supporting Files */ = {
			isa = PBXGroup;
			children = (
				496AF7A71C97FA9F002A2773 /* Main.storyboard */,
				498012F11C4A0493005AAB4E /* Assets.xcassets */,
				498012F31C4A0493005AAB4E /* LaunchScreen.storyboard */,
				498012F61C4A0493005AAB4E /* Info.plist */,
				498012E81C4A0493005AAB4E /* AppDelegate.h */,
				498012E91C4A0493005AAB4E /* AppDelegate.m */,
				498012E61C4A0493005AAB4E /* main.m */,
			);
			name = "Supporting Files";
			sourceTree = "<group>";
		};
		498012FE1C4A0493005AAB4E /* LSNavigationBarTransitionTests */ = {
			isa = PBXGroup;
			children = (
				498012FF1C4A0493005AAB4E /* LSNavigationBarTransitionTests.m */,
				498013011C4A0493005AAB4E /* Info.plist */,
			);
			path = LSNavigationBarTransitionTests;
			sourceTree = "<group>";
		};
		498013091C4A0493005AAB4E /* LSNavigationBarTransitionUITests */ = {
			isa = PBXGroup;
			children = (
				4980130A1C4A0493005AAB4E /* LSNavigationBarTransitionUITests.m */,
				4980130C1C4A0493005AAB4E /* Info.plist */,
			);
			path = LSNavigationBarTransitionUITests;
			sourceTree = "<group>";
		};
/* End PBXGroup section */

/* Begin PBXNativeTarget section */
		498012E11C4A0493005AAB4E /* LSNavigationBarTransition */ = {
			isa = PBXNativeTarget;
			buildConfigurationList = 4980130F1C4A0493005AAB4E /* Build configuration list for PBXNativeTarget "LSNavigationBarTransition" */;
			buildPhases = (
				498012DE1C4A0493005AAB4E /* Sources */,
				498012DF1C4A0493005AAB4E /* Frameworks */,
				498012E01C4A0493005AAB4E /* Resources */,
			);
			buildRules = (
			);
			dependencies = (
			);
			name = LSNavigationBarTransition;
			productName = LSNavigationBarTransition;
			productReference = 498012E21C4A0493005AAB4E /* LSNavigationBarTransition.app */;
			productType = "com.apple.product-type.application";
		};
		498012FA1C4A0493005AAB4E /* LSNavigationBarTransitionTests */ = {
			isa = PBXNativeTarget;
			buildConfigurationList = 498013121C4A0493005AAB4E /* Build configuration list for PBXNativeTarget "LSNavigationBarTransitionTests" */;
			buildPhases = (
				498012F71C4A0493005AAB4E /* Sources */,
				498012F81C4A0493005AAB4E /* Frameworks */,
				498012F91C4A0493005AAB4E /* Resources */,
			);
			buildRules = (
			);
			dependencies = (
				498012FD1C4A0493005AAB4E /* PBXTargetDependency */,
			);
			name = LSNavigationBarTransitionTests;
			productName = LSNavigationBarTransitionTests;
			productReference = 498012FB1C4A0493005AAB4E /* LSNavigationBarTransitionTests.xctest */;
			productType = "com.apple.product-type.bundle.unit-test";
		};
		498013051C4A0493005AAB4E /* LSNavigationBarTransitionUITests */ = {
			isa = PBXNativeTarget;
			buildConfigurationList = 498013151C4A0493005AAB4E /* Build configuration list for PBXNativeTarget "LSNavigationBarTransitionUITests" */;
			buildPhases = (
				498013021C4A0493005AAB4E /* Sources */,
				498013031C4A0493005AAB4E /* Frameworks */,
				498013041C4A0493005AAB4E /* Resources */,
			);
			buildRules = (
			);
			dependencies = (
				498013081C4A0493005AAB4E /* PBXTargetDependency */,
			);
			name = LSNavigationBarTransitionUITests;
			productName = LSNavigationBarTransitionUITests;
			productReference = 498013061C4A0493005AAB4E /* LSNavigationBarTransitionUITests.xctest */;
			productType = "com.apple.product-type.bundle.ui-testing";
		};
/* End PBXNativeTarget section */

/* Begin PBXProject section */
		498012DA1C4A0493005AAB4E /* Project object */ = {
			isa = PBXProject;
			attributes = {
				LastUpgradeCheck = 0720;
				ORGANIZATIONNAME = song;
				TargetAttributes = {
					498012E11C4A0493005AAB4E = {
						CreatedOnToolsVersion = 7.2;
						DevelopmentTeam = Q88VKXYHNH;
					};
					498012FA1C4A0493005AAB4E = {
						CreatedOnToolsVersion = 7.2;
						DevelopmentTeam = Q88VKXYHNH;
						TestTargetID = 498012E11C4A0493005AAB4E;
					};
					498013051C4A0493005AAB4E = {
						CreatedOnToolsVersion = 7.2;
						DevelopmentTeam = Q88VKXYHNH;
						TestTargetID = 498012E11C4A0493005AAB4E;
					};
				};
			};
			buildConfigurationList = 498012DD1C4A0493005AAB4E /* Build configuration list for PBXProject "LSNavigationBarTransition" */;
			compatibilityVersion = "Xcode 3.2";
			developmentRegion = English;
			hasScannedForEncodings = 0;
			knownRegions = (
				en,
				Base,
			);
			mainGroup = 498012D91C4A0493005AAB4E;
			productRefGroup = 498012E31C4A0493005AAB4E /* Products */;
			projectDirPath = "";
			projectRoot = "";
			targets = (
				498012E11C4A0493005AAB4E /* LSNavigationBarTransition */,
				498012FA1C4A0493005AAB4E /* LSNavigationBarTransitionTests */,
				498013051C4A0493005AAB4E /* LSNavigationBarTransitionUITests */,
			);
		};
/* End PBXProject section */

/* Begin PBXResourcesBuildPhase section */
		498012E01C4A0493005AAB4E /* Resources */ = {
			isa = PBXResourcesBuildPhase;
			buildActionMask = 2147483647;
			files = (
				496AF7A81C97FA9F002A2773 /* Main.storyboard in Resources */,
				498012F51C4A0493005AAB4E /* LaunchScreen.storyboard in Resources */,
				4991EB9C1CA1A668006AFFFD /* backImage@3x.png in Resources */,
				498012F21C4A0493005AAB4E /* Assets.xcassets in Resources */,
				4991EB9B1CA1A668006AFFFD /* backImage@2x.png in Resources */,
			);
			runOnlyForDeploymentPostprocessing = 0;
		};
		498012F91C4A0493005AAB4E /* Resources */ = {
			isa = PBXResourcesBuildPhase;
			buildActionMask = 2147483647;
			files = (
			);
			runOnlyForDeploymentPostprocessing = 0;
		};
		498013041C4A0493005AAB4E /* Resources */ = {
			isa = PBXResourcesBuildPhase;
			buildActionMask = 2147483647;
			files = (
			);
			runOnlyForDeploymentPostprocessing = 0;
		};
/* End PBXResourcesBuildPhase section */

/* Begin PBXSourcesBuildPhase section */
		498012DE1C4A0493005AAB4E /* Sources */ = {
			isa = PBXSourcesBuildPhase;
			buildActionMask = 2147483647;
			files = (
				4991EB871CA17EFA006AFFFD /* LSContentNavigationController.m in Sources */,
				496AF7A21C97FA81002A2773 /* FourViewController.m in Sources */,
				498012EA1C4A0493005AAB4E /* AppDelegate.m in Sources */,
				496AF7971C97F9F9002A2773 /* LSNavigationController.m in Sources */,
				498012E71C4A0493005AAB4E /* main.m in Sources */,
				496AF7A31C97FA81002A2773 /* OneViewController.m in Sources */,
				496AF7A51C97FA81002A2773 /* TwoViewController.m in Sources */,
				496AF7A61C97FA81002A2773 /* UIColor+Extension.m in Sources */,
				4991EB8A1CA17F25006AFFFD /* LSContentViewController.m in Sources */,
				496AF7A41C97FA81002A2773 /* ThreeViewController.m in Sources */,
			);
			runOnlyForDeploymentPostprocessing = 0;
		};
		498012F71C4A0493005AAB4E /* Sources */ = {
			isa = PBXSourcesBuildPhase;
			buildActionMask = 2147483647;
			files = (
				498013001C4A0493005AAB4E /* LSNavigationBarTransitionTests.m in Sources */,
			);
			runOnlyForDeploymentPostprocessing = 0;
		};
		498013021C4A0493005AAB4E /* Sources */ = {
			isa = PBXSourcesBuildPhase;
			buildActionMask = 2147483647;
			files = (
				4980130B1C4A0493005AAB4E /* LSNavigationBarTransitionUITests.m in Sources */,
			);
			runOnlyForDeploymentPostprocessing = 0;
		};
/* End PBXSourcesBuildPhase section */

/* Begin PBXTargetDependency section */
		498012FD1C4A0493005AAB4E /* PBXTargetDependency */ = {
			isa = PBXTargetDependency;
			target = 498012E11C4A0493005AAB4E /* LSNavigationBarTransition */;
			targetProxy = 498012FC1C4A0493005AAB4E /* PBXContainerItemProxy */;
		};
		498013081C4A0493005AAB4E /* PBXTargetDependency */ = {
			isa = PBXTargetDependency;
			target = 498012E11C4A0493005AAB4E /* LSNavigationBarTransition */;
			targetProxy = 498013071C4A0493005AAB4E /* PBXContainerItemProxy */;
		};
/* End PBXTargetDependency section */

/* Begin PBXVariantGroup section */
		498012F31C4A0493005AAB4E /* LaunchScreen.storyboard */ = {
			isa = PBXVariantGroup;
			children = (
				498012F41C4A0493005AAB4E /* Base */,
			);
			name = LaunchScreen.storyboard;
			sourceTree = "<group>";
		};
/* End PBXVariantGroup section */

/* Begin XCBuildConfiguration section */
		4980130D1C4A0493005AAB4E /* Debug */ = {
			isa = XCBuildConfiguration;
			buildSettings = {
				ALWAYS_SEARCH_USER_PATHS = NO;
				CLANG_CXX_LANGUAGE_STANDARD = "gnu++0x";
				CLANG_CXX_LIBRARY = "libc++";
				CLANG_ENABLE_MODULES = YES;
				CLANG_ENABLE_OBJC_ARC = YES;
				CLANG_WARN_BOOL_CONVERSION = YES;
				CLANG_WARN_CONSTANT_CONVERSION = YES;
				CLANG_WARN_DIRECT_OBJC_ISA_USAGE = YES_ERROR;
				CLANG_WARN_EMPTY_BODY = YES;
				CLANG_WARN_ENUM_CONVERSION = YES;
				CLANG_WARN_INT_CONVERSION = YES;
				CLANG_WARN_OBJC_ROOT_CLASS = YES_ERROR;
				CLANG_WARN_UNREACHABLE_CODE = YES;
				CLANG_WARN__DUPLICATE_METHOD_MATCH = YES;
				"CODE_SIGN_IDENTITY[sdk=iphoneos*]" = "iPhone Developer";
				COPY_PHASE_STRIP = NO;
				DEBUG_INFORMATION_FORMAT = dwarf;
				ENABLE_STRICT_OBJC_MSGSEND = YES;
				ENABLE_TESTABILITY = YES;
				GCC_C_LANGUAGE_STANDARD = gnu99;
				GCC_DYNAMIC_NO_PIC = NO;
				GCC_NO_COMMON_BLOCKS = YES;
				GCC_OPTIMIZATION_LEVEL = 0;
				GCC_PREPROCESSOR_DEFINITIONS = (
					"DEBUG=1",
					"$(inherited)",
				);
				GCC_WARN_64_TO_32_BIT_CONVERSION = YES;
				GCC_WARN_ABOUT_RETURN_TYPE = YES_ERROR;
				GCC_WARN_UNDECLARED_SELECTOR = YES;
				GCC_WARN_UNINITIALIZED_AUTOS = YES_AGGRESSIVE;
				GCC_WARN_UNUSED_FUNCTION = YES;
				GCC_WARN_UNUSED_VARIABLE = YES;
				IPHONEOS_DEPLOYMENT_TARGET = 9.2;
				MTL_ENABLE_DEBUG_INFO = YES;
				ONLY_ACTIVE_ARCH = YES;
				SDKROOT = iphoneos;
				TARGETED_DEVICE_FAMILY = "1,2";
			};
			name = Debug;
		};
		4980130E1C4A0493005AAB4E /* Release */ = {
			isa = XCBuildConfiguration;
			buildSettings = {
				ALWAYS_SEARCH_USER_PATHS = NO;
				CLANG_CXX_LANGUAGE_STANDARD = "gnu++0x";
				CLANG_CXX_LIBRARY = "libc++";
				CLANG_ENABLE_MODULES = YES;
				CLANG_ENABLE_OBJC_ARC = YES;
				CLANG_WARN_BOOL_CONVERSION = YES;
				CLANG_WARN_CONSTANT_CONVERSION = YES;
				CLANG_WARN_DIRECT_OBJC_ISA_USAGE = YES_ERROR;
				CLANG_WARN_EMPTY_BODY = YES;
				CLANG_WARN_ENUM_CONVERSION = YES;
				CLANG_WARN_INT_CONVERSION = YES;
				CLANG_WARN_OBJC_ROOT_CLASS = YES_ERROR;
				CLANG_WARN_UNREACHABLE_CODE = YES;
				CLANG_WARN__DUPLICATE_METHOD_MATCH = YES;
				"CODE_SIGN_IDENTITY[sdk=iphoneos*]" = "iPhone Developer";
				COPY_PHASE_STRIP = NO;
				DEBUG_INFORMATION_FORMAT = "dwarf-with-dsym";
				ENABLE_NS_ASSERTIONS = NO;
				ENABLE_STRICT_OBJC_MSGSEND = YES;
				GCC_C_LANGUAGE_STANDARD = gnu99;
				GCC_NO_COMMON_BLOCKS = YES;
				GCC_WARN_64_TO_32_BIT_CONVERSION = YES;
				GCC_WARN_ABOUT_RETURN_TYPE = YES_ERROR;
				GCC_WARN_UNDECLARED_SELECTOR = YES;
				GCC_WARN_UNINITIALIZED_AUTOS = YES_AGGRESSIVE;
				GCC_WARN_UNUSED_FUNCTION = YES;
				GCC_WARN_UNUSED_VARIABLE = YES;
				IPHONEOS_DEPLOYMENT_TARGET = 9.2;
				MTL_ENABLE_DEBUG_INFO = NO;
				SDKROOT = iphoneos;
				TARGETED_DEVICE_FAMILY = "1,2";
				VALIDATE_PRODUCT = YES;
			};
			name = Release;
		};
		498013101C4A0493005AAB4E /* Debug */ = {
			isa = XCBuildConfiguration;
			buildSettings = {
				ASSETCATALOG_COMPILER_APPICON_NAME = AppIcon;
				INFOPLIST_FILE = LSNavigationBarTransition/Info.plist;
				LD_RUNPATH_SEARCH_PATHS = "$(inherited) @executable_path/Frameworks";
				PRODUCT_BUNDLE_IDENTIFIER = com.ls.LSNavigationBarTransition;
				PRODUCT_NAME = "$(TARGET_NAME)";
			};
			name = Debug;
		};
		498013111C4A0493005AAB4E /* Release */ = {
			isa = XCBuildConfiguration;
			buildSettings = {
				ASSETCATALOG_COMPILER_APPICON_NAME = AppIcon;
				INFOPLIST_FILE = LSNavigationBarTransition/Info.plist;
				LD_RUNPATH_SEARCH_PATHS = "$(inherited) @executable_path/Frameworks";
				PRODUCT_BUNDLE_IDENTIFIER = com.ls.LSNavigationBarTransition;
				PRODUCT_NAME = "$(TARGET_NAME)";
			};
			name = Release;
		};
		498013131C4A0493005AAB4E /* Debug */ = {
			isa = XCBuildConfiguration;
			buildSettings = {
				BUNDLE_LOADER = "$(TEST_HOST)";
				INFOPLIST_FILE = LSNavigationBarTransitionTests/Info.plist;
				LD_RUNPATH_SEARCH_PATHS = "$(inherited) @executable_path/Frameworks @loader_path/Frameworks";
				PRODUCT_BUNDLE_IDENTIFIER = com.ls.LSNavigationBarTransitionTests;
				PRODUCT_NAME = "$(TARGET_NAME)";
				TEST_HOST = "$(BUILT_PRODUCTS_DIR)/LSNavigationBarTransition.app/LSNavigationBarTransition";
			};
			name = Debug;
		};
		498013141C4A0493005AAB4E /* Release */ = {
			isa = XCBuildConfiguration;
			buildSettings = {
				BUNDLE_LOADER = "$(TEST_HOST)";
				INFOPLIST_FILE = LSNavigationBarTransitionTests/Info.plist;
				LD_RUNPATH_SEARCH_PATHS = "$(inherited) @executable_path/Frameworks @loader_path/Frameworks";
				PRODUCT_BUNDLE_IDENTIFIER = com.ls.LSNavigationBarTransitionTests;
				PRODUCT_NAME = "$(TARGET_NAME)";
				TEST_HOST = "$(BUILT_PRODUCTS_DIR)/LSNavigationBarTransition.app/LSNavigationBarTransition";
			};
			name = Release;
		};
		498013161C4A0493005AAB4E /* Debug */ = {
			isa = XCBuildConfiguration;
			buildSettings = {
				INFOPLIST_FILE = LSNavigationBarTransitionUITests/Info.plist;
				LD_RUNPATH_SEARCH_PATHS = "$(inherited) @executable_path/Frameworks @loader_path/Frameworks";
				PRODUCT_BUNDLE_IDENTIFIER = com.ls.LSNavigationBarTransitionUITests;
				PRODUCT_NAME = "$(TARGET_NAME)";
				TEST_TARGET_NAME = LSNavigationBarTransition;
				USES_XCTRUNNER = YES;
			};
			name = Debug;
		};
		498013171C4A0493005AAB4E /* Release */ = {
			isa = XCBuildConfiguration;
			buildSettings = {
				INFOPLIST_FILE = LSNavigationBarTransitionUITests/Info.plist;
				LD_RUNPATH_SEARCH_PATHS = "$(inherited) @executable_path/Frameworks @loader_path/Frameworks";
				PRODUCT_BUNDLE_IDENTIFIER = com.ls.LSNavigationBarTransitionUITests;
				PRODUCT_NAME = "$(TARGET_NAME)";
				TEST_TARGET_NAME = LSNavigationBarTransition;
				USES_XCTRUNNER = YES;
			};
			name = Release;
		};
/* End XCBuildConfiguration section */

/* Begin XCConfigurationList section */
		498012DD1C4A0493005AAB4E /* Build configuration list for PBXProject "LSNavigationBarTransition" */ = {
			isa = XCConfigurationList;
			buildConfigurations = (
				4980130D1C4A0493005AAB4E /* Debug */,
				4980130E1C4A0493005AAB4E /* Release */,
			);
			defaultConfigurationIsVisible = 0;
			defaultConfigurationName = Release;
		};
		4980130F1C4A0493005AAB4E /* Build configuration list for PBXNativeTarget "LSNavigationBarTransition" */ = {
			isa = XCConfigurationList;
			buildConfigurations = (
				498013101C4A0493005AAB4E /* Debug */,
				498013111C4A0493005AAB4E /* Release */,
			);
			defaultConfigurationIsVisible = 0;
			defaultConfigurationName = Release;
		};
		498013121C4A0493005AAB4E /* Build configuration list for PBXNativeTarget "LSNavigationBarTransitionTests" */ = {
			isa = XCConfigurationList;
			buildConfigurations = (
				498013131C4A0493005AAB4E /* Debug */,
				498013141C4A0493005AAB4E /* Release */,
			);
			defaultConfigurationIsVisible = 0;
			defaultConfigurationName = Release;
		};
		498013151C4A0493005AAB4E /* Build configuration list for PBXNativeTarget "LSNavigationBarTransitionUITests" */ = {
			isa = XCConfigurationList;
			buildConfigurations = (
				498013161C4A0493005AAB4E /* Debug */,
				498013171C4A0493005AAB4E /* Release */,
			);
			defaultConfigurationIsVisible = 0;
			defaultConfigurationName = Release;
		};
/* End XCConfigurationList section */
	};
	rootObject = 498012DA1C4A0493005AAB4E /* Project object */;
}
